
Microsoft Visual Studio Solution File, Format Version 12.00
# Visual Studio Version 17
VisualStudioVersion = 17.9.34714.143
MinimumVisualStudioVersion = 10.0.40219.1
Project("{9A19103F-16F7-4668-BE54-9A1E7A4F7556}") = "TSQLV6", "TSQLV6\TSQLV6.csproj", "{70BFA223-9922-4BD4-A8EC-F51D5844D87B}"
EndProject
Global
	GlobalSection(SolutionConfigurationPlatforms) = preSolution
		Debug|Any CPU = Debug|Any CPU
		Release|Any CPU = Release|Any CPU
	EndGlobalSection
	GlobalSection(ProjectConfigurationPlatforms) = postSolution
		{70BFA223-9922-4BD4-A8EC-F51D5844D87B}.Debug|Any CPU.ActiveCfg = Debug|Any CPU
		{70BFA223-9922-4BD4-A8EC-F51D5844D87B}.Debug|Any CPU.Build.0 = Debug|Any CPU
		{70BFA223-9922-4BD4-A8EC-F51D5844D87B}.Release|Any CPU.ActiveCfg = Release|Any CPU
		{70BFA223-9922-4BD4-A8EC-F51D5844D87B}.Release|Any CPU.Build.0 = Release|Any CPU
	EndGlobalSection
	GlobalSection(SolutionProperties) = preSolution
		HideSolutionNode = FALSE
	EndGlobalSection
	GlobalSection(ExtensibilityGlobals) = postSolution
		SolutionGuid = {A8F15A30-5D7A-4B94-B3E1-FC11C5028AD0}
	EndGlobalSection
EndGlobal
